{
  "pins" : [
    {
      "identity" : "abseil-cpp-swiftpm",
      "kind" : "remoteSourceControl",
      "location" : "https://github.com/firebase/abseil-cpp-SwiftPM.git",
      "state" : {
        "revision" : "583de9bd60f66b40e78d08599cc92036c2e7e4e1",
        "version" : "0.20220203.2"
      }
    },
    {
      "identity" : "alamofire",
      "kind" : "remoteSourceControl",
      "location" : "https://github.com/Alamofire/Alamofire.git",
      "state" : {
        "revision" : "8dd85aee02e39dd280c75eef88ffdb86eed4b07b",
        "version" : "5.6.2"
      }
    },
    {
      "identity" : "appauth-ios",
      "kind" : "remoteSourceControl",
      "location" : "https://github.com/openid/AppAuth-iOS.git",
      "state" : {
        "revision" : "33660c271c961f8ce1084cc13f2ea8195e864f7d",
        "version" : "1.5.0"
      }
    },
    {
      "identity" : "bluesocket",
      "kind" : "remoteSourceControl",
      "location" : "https://github.com/IBM-Swift/BlueSocket.git",
      "state" : {
        "revision" : "c9894fd117457f1d006575fbfb2fdfd6f79eac03",
        "version" : "1.0.200"
      }
    },
    {
      "identity" : "boringssl-swiftpm",
      "kind" : "remoteSourceControl",
      "location" : "https://github.com/firebase/boringssl-SwiftPM.git",
      "state" : {
        "revision" : "dd3eda2b05a3f459fc3073695ad1b28659066eab",
        "version" : "0.9.1"
      }
    },
    {
      "identity" : "chatlayout",
      "kind" : "remoteSourceControl",
      "location" : "https://github.com/ekazaev/ChatLayout",
      "state" : {
        "revision" : "d0edb6f3ae716a26842467c540a6bee909b80360",
        "version" : "1.1.14"
      }
    },
    {
      "identity" : "client-ios-db",
      "kind" : "remoteSourceControl",
      "location" : "https://git.xx.network/elixxir/client-ios-db.git",
      "state" : {
        "revision" : "f8e3e0088de8301d6c4816e12f0aca1d6f02a280",
        "version" : "1.1.0"
      }
    },
    {
      "identity" : "combine-schedulers",
      "kind" : "remoteSourceControl",
      "location" : "https://github.com/pointfreeco/combine-schedulers",
      "state" : {
        "revision" : "9e42b4b0453da417a44daa17174103e7d1c5be07",
        "version" : "0.7.3"
      }
    },
    {
      "identity" : "cwlcatchexception",
      "kind" : "remoteSourceControl",
      "location" : "https://github.com/mattgallagher/CwlCatchException.git",
      "state" : {
        "revision" : "35f9e770f54ce62dd8526470f14c6e137cef3eea",
        "version" : "2.1.1"
      }
    },
    {
      "identity" : "cwlpreconditiontesting",
      "kind" : "remoteSourceControl",
      "location" : "https://github.com/mattgallagher/CwlPreconditionTesting.git",
      "state" : {
        "revision" : "c21f7bab5ca8eee0a9998bbd17ca1d0eb45d4688",
        "version" : "2.1.0"
      }
    },
    {
      "identity" : "differencekit",
      "kind" : "remoteSourceControl",
      "location" : "https://github.com/ra1028/DifferenceKit",
      "state" : {
        "revision" : "073b9671ce2b9b5b96398611427a1f929927e428",
        "version" : "1.3.0"
      }
    },
    {
      "identity" : "elixxir-dapps-sdk-swift",
      "kind" : "remoteSourceControl",
      "location" : "https://git.xx.network/elixxir/elixxir-dapps-sdk-swift",
      "state" : {
        "branch" : "development",
        "revision" : "108dd0bfc00775b051f848cdc8b3921c26be47e7"
      }
    },
    {
      "identity" : "fileprovider",
      "kind" : "remoteSourceControl",
      "location" : "https://github.com/amosavian/FileProvider.git",
      "state" : {
        "revision" : "abf68a62541a4193c8d106367ddb3648e8ab693f",
        "version" : "0.26.0"
      }
    },
    {
      "identity" : "firebase-ios-sdk",
      "kind" : "remoteSourceControl",
      "location" : "https://github.com/firebase/firebase-ios-sdk.git",
      "state" : {
        "revision" : "111d8d6ad1a1afd6c8e9561d26e55ab1e74fcb42",
        "version" : "8.15.0"
      }
    },
    {
      "identity" : "google-api-objectivec-client-for-rest",
      "kind" : "remoteSourceControl",
      "location" : "https://github.com/google/google-api-objectivec-client-for-rest",
      "state" : {
        "revision" : "3228334d0584cb9174796fecbe628a723be70452",
        "version" : "1.7.0"
      }
    },
    {
      "identity" : "googleappmeasurement",
      "kind" : "remoteSourceControl",
      "location" : "https://github.com/google/GoogleAppMeasurement.git",
      "state" : {
        "revision" : "ef819db8c58657a6ca367322e73f3b6322afe0a2",
        "version" : "8.15.0"
      }
    },
    {
      "identity" : "googledatatransport",
      "kind" : "remoteSourceControl",
      "location" : "https://github.com/google/GoogleDataTransport.git",
      "state" : {
        "revision" : "5056b15c5acbb90cd214fe4d6138bdf5a740e5a8",
        "version" : "9.2.0"
      }
    },
    {
      "identity" : "googlesignin-ios",
      "kind" : "remoteSourceControl",
      "location" : "https://github.com/google/GoogleSignIn-iOS",
      "state" : {
        "revision" : "5ce850448e89500aca5b095af7247eb46dc0ca18",
        "version" : "6.2.3"
      }
    },
    {
      "identity" : "googleutilities",
      "kind" : "remoteSourceControl",
      "location" : "https://github.com/google/GoogleUtilities.git",
      "state" : {
        "revision" : "f4abe56ce62a779e64b525eb133c8fc2a84bbc1f",
        "version" : "7.7.1"
      }
    },
    {
      "identity" : "grdb.swift",
      "kind" : "remoteSourceControl",
      "location" : "https://github.com/groue/GRDB.swift",
      "state" : {
        "revision" : "23f4254ae36fa19aecd73047c0577a9f49850d1c",
        "version" : "5.26.0"
      }
    },
    {
      "identity" : "grpc-ios",
      "kind" : "remoteSourceControl",
      "location" : "https://github.com/grpc/grpc-ios.git",
      "state" : {
        "revision" : "8440b914756e0d26d4f4d054a1c1581daedfc5b6",
        "version" : "1.44.3-grpc"
      }
    },
    {
      "identity" : "gtm-session-fetcher",
      "kind" : "remoteSourceControl",
      "location" : "https://github.com/google/gtm-session-fetcher.git",
      "state" : {
        "revision" : "4e9bbf2808b8fee444e84a48f5f3c12641987d3e",
        "version" : "1.7.2"
      }
    },
    {
      "identity" : "gtmappauth",
      "kind" : "remoteSourceControl",
      "location" : "https://github.com/google/GTMAppAuth.git",
      "state" : {
        "revision" : "b9d1683be336ba8c8d1c6867bafeb056a5399700",
        "version" : "1.3.0"
      }
    },
    {
      "identity" : "keychainaccess",
      "kind" : "remoteSourceControl",
      "location" : "https://github.com/kishikawakatsumi/KeychainAccess",
      "state" : {
        "revision" : "84e546727d66f1adc5439debad16270d0fdd04e7",
        "version" : "4.2.2"
      }
    },
    {
      "identity" : "leveldb",
      "kind" : "remoteSourceControl",
      "location" : "https://github.com/firebase/leveldb.git",
      "state" : {
        "revision" : "0706abcc6b0bd9cedfbb015ba840e4a780b5159b",
        "version" : "1.22.2"
      }
    },
    {
      "identity" : "libssh2prebuild",
      "kind" : "remoteSourceControl",
      "location" : "https://github.com/DimaRU/Libssh2Prebuild.git",
      "state" : {
        "branch" : "1.10.0+OpenSSL_1_1_1o",
        "revision" : "a91bcf205a6cbc84144f840c44145656abbd266a"
      }
    },
    {
      "identity" : "nanopb",
      "kind" : "remoteSourceControl",
      "location" : "https://github.com/firebase/nanopb.git",
      "state" : {
        "revision" : "7ee9ef9f627d85cbe1b8c4f49a3ed26eed216c77",
        "version" : "2.30908.0"
      }
    },
    {
      "identity" : "nimble",
      "kind" : "remoteSourceControl",
      "location" : "https://github.com/Quick/Nimble",
      "state" : {
        "revision" : "c93f16c25af5770f0d3e6af27c9634640946b068",
        "version" : "9.2.1"
      }
    },
    {
      "identity" : "promises",
      "kind" : "remoteSourceControl",
      "location" : "https://github.com/google/promises.git",
      "state" : {
        "revision" : "3e4e743631e86c8c70dbc6efdc7beaa6e90fd3bb",
        "version" : "2.1.1"
      }
    },
    {
      "identity" : "quick",
      "kind" : "remoteSourceControl",
      "location" : "https://github.com/Quick/Quick",
      "state" : {
        "revision" : "8cce6acd38f965f5baa3167b939f86500314022b",
        "version" : "3.1.2"
      }
    },
    {
      "identity" : "retry",
      "kind" : "remoteSourceControl",
      "location" : "https://github.com/icanzilb/Retry.git",
      "state" : {
        "revision" : "3beacada357968bcf9e5a2da520abfb374188afe",
        "version" : "0.6.3"
      }
    },
    {
      "identity" : "scrollviewcontroller",
      "kind" : "remoteSourceControl",
      "location" : "https://github.com/darrarski/ScrollViewController",
      "state" : {
        "revision" : "288999c7b9b0246aee0cfe3b7a066546038fd4b8",
        "version" : "1.3.0"
      }
    },
    {
      "identity" : "shout",
      "kind" : "remoteSourceControl",
      "location" : "https://github.com/darrarski/Shout.git",
      "state" : {
        "revision" : "df5a662293f0ac15eeb4f2fd3ffd0c07b73d0de0"
      }
    },
    {
      "identity" : "snapkit",
      "kind" : "remoteSourceControl",
      "location" : "https://github.com/SnapKit/SnapKit",
      "state" : {
        "revision" : "f222cbdf325885926566172f6f5f06af95473158",
        "version" : "5.6.0"
      }
    },
    {
      "identity" : "swift-case-paths",
      "kind" : "remoteSourceControl",
      "location" : "https://github.com/pointfreeco/swift-case-paths",
      "state" : {
        "revision" : "a09839348486db8866f85a727b8550be1d671c50",
        "version" : "0.9.1"
      }
    },
    {
      "identity" : "swift-collections",
      "kind" : "remoteSourceControl",
      "location" : "https://github.com/apple/swift-collections",
      "state" : {
        "revision" : "48254824bb4248676bf7ce56014ff57b142b77eb",
        "version" : "1.0.2"
      }
    },
    {
      "identity" : "swift-composable-architecture",
      "kind" : "remoteSourceControl",
      "location" : "https://github.com/pointfreeco/swift-composable-architecture.git",
      "state" : {
        "revision" : "a518935116b2bada7234f47073159b433d432af1",
        "version" : "0.39.1"
      }
    },
    {
      "identity" : "swift-custom-dump",
      "kind" : "remoteSourceControl",
      "location" : "https://github.com/pointfreeco/swift-custom-dump",
      "state" : {
        "revision" : "21ec1d717c07cea5a026979cb0471dd95c7087e7",
        "version" : "0.5.0"
      }
    },
    {
      "identity" : "swift-identified-collections",
      "kind" : "remoteSourceControl",
      "location" : "https://github.com/pointfreeco/swift-identified-collections",
      "state" : {
        "revision" : "2d6b7ffcc67afd9077fac5e5a29bcd6d39b71076",
        "version" : "0.4.0"
      }
    },
    {
      "identity" : "swift-protobuf",
      "kind" : "remoteSourceControl",
      "location" : "https://github.com/apple/swift-protobuf",
      "state" : {
        "revision" : "b8230909dedc640294d7324d37f4c91ad3dcf177",
        "version" : "1.20.1"
      }
    },
    {
      "identity" : "swiftcsv",
      "kind" : "remoteSourceControl",
      "location" : "https://github.com/swiftcsv/SwiftCSV.git",
      "state" : {
        "revision" : "048a1d3c2950b9c151ef9364b36f91baadc2c28c",
        "version" : "0.8.0"
      }
    },
    {
      "identity" : "swiftybeaver",
      "kind" : "remoteSourceControl",
      "location" : "https://github.com/SwiftyBeaver/SwiftyBeaver.git",
      "state" : {
        "revision" : "12b5acf96d98f91d50de447369bd18df74600f1a",
        "version" : "1.9.6"
      }
    },
    {
      "identity" : "swiftydropbox",
      "kind" : "remoteSourceControl",
      "location" : "https://github.com/dropbox/SwiftyDropbox.git",
      "state" : {
        "revision" : "9df3d4997127f1f17ed295e5f373ab676419df08",
        "version" : "8.3.0"
      }
    },
    {
      "identity" : "xctest-dynamic-overlay",
      "kind" : "remoteSourceControl",
      "location" : "https://github.com/pointfreeco/xctest-dynamic-overlay",
      "state" : {
        "revision" : "38bc9242e4388b80bd23ddfdf3071428859e3260",
        "version" : "0.4.0"
      }
    }
  ],
  "version" : 2
}
